# THIS IS AN AUTOGENERATED FILE. DO NOT EDIT THIS FILE DIRECTLY.
# yarn lockfile v1


deep-diff@^0.3.8:
  version "0.3.8"
  resolved "https://registry.yarnpkg.com/deep-diff/-/deep-diff-0.3.8.tgz#c01de63efb0eec9798801d40c7e0dae25b582c84"

deep-equal@^1.0.1:
  version "1.0.1"
  resolved "https://registry.yarnpkg.com/deep-equal/-/deep-equal-1.0.1.tgz#f5d260292b660e084eff4cdbc9f08ad3247448b5"

lodash@^4.17.4:
  version "4.17.5"
  resolved "https://registry.yarnpkg.com/lodash/-/lodash-4.17.5.tgz#99a92d65c0272debe8c96b6057bc8fbfa3bed511"
